
Microsoft Visual Studio Solution File, Format Version 12.00
# Visual Studio 14
VisualStudioVersion = 14.0.25420.1
MinimumVisualStudioVersion = 10.0.40219.1
Project("{FAE04EC0-301F-11D3-BF4B-00C04F79EFBC}") = "FortuneTellerMethod", "FortuneTellerMethod\FortuneTellerMethod.csproj", "{1A8224B4-3D91-49FD-A79D-1E08CC5F3959}"
EndProject
Global
	GlobalSection(SolutionConfigurationPlatforms) = preSolution
		Debug|Any CPU = Debug|Any CPU
		Release|Any CPU = Release|Any CPU
	EndGlobalSection
	GlobalSection(ProjectConfigurationPlatforms) = postSolution
		{1A8224B4-3D91-49FD-A79D-1E08CC5F3959}.Debug|Any CPU.ActiveCfg = Debug|Any CPU
		{1A8224B4-3D91-49FD-A79D-1E08CC5F3959}.Debug|Any CPU.Build.0 = Debug|Any CPU
		{1A8224B4-3D91-49FD-A79D-1E08CC5F3959}.Release|Any CPU.ActiveCfg = Release|Any CPU
		{1A8224B4-3D91-49FD-A79D-1E08CC5F3959}.Release|Any CPU.Build.0 = Release|Any CPU
	EndGlobalSection
	GlobalSection(SolutionProperties) = preSolution
		HideSolutionNode = FALSE
	EndGlobalSection
EndGlobal
